{
  "format_version": "1.2",
  "terraform_version": "1.5.7",
  "variables": {
    "availability_zones": {
      "value": "eu-central-1a"
    },
    "aws_region": {
      "value": "eu-central-1"
    },
    "vpc_cidr": {
      "value": "10.0.0.0/16"
    }
  },
  "planned_values": {
    "root_module": {
      "resources": [
        {
          "address": "aws_autoscaling_group.ecs_asg",
          "mode": "managed",
          "type": "aws_autoscaling_group",
          "name": "ecs_asg",
          "provider_name": "registry.terraform.io/hashicorp/aws",
          "schema_version": 0,
          "values": {
            "capacity_rebalance": null,
            "context": null,
            "default_instance_warmup": null,
            "desired_capacity": 2,
            "desired_capacity_type": null,
            "enabled_metrics": null,
            "force_delete": false,
            "force_delete_warm_pool": false,
            "health_check_grace_period": 300,
            "initial_lifecycle_hook": [],
            "instance_refresh": [],
            "launch_configuration": null,
            "launch_template": [
              {
                "version": "$Latest"
              }
            ],
            "load_balancers": null,
            "max_instance_lifetime": null,
            "max_size": 3,
            "metrics_granularity": "1Minute",
            "min_elb_capacity": null,
            "min_size": 1,
            "mixed_instances_policy": [],
            "placement_group": null,
            "protect_from_scale_in": false,
            "suspended_processes": null,
            "tag": [
              {
                "key": "AmazonECSManaged",
                "propagate_at_launch": true,
                "value": "true"
              }
            ],
            "tags": null,
            "target_group_arns": null,
            "termination_policies": null,
            "timeouts": null,
            "wait_for_capacity_timeout": "10m",
            "wait_for_elb_capacity": null,
            "warm_pool": []
          },
          "sensitive_values": {
            "availability_zones": [],
            "initial_lifecycle_hook": [],
            "instance_refresh": [],
            "launch_template": [
              {}
            ],
            "mixed_instances_policy": [],
            "tag": [
              {}
            ],
            "vpc_zone_identifier": [],
            "warm_pool": []
          }
        },
        {
          "address": "aws_ecs_capacity_provider.ecs_capacity_provider",
          "mode": "managed",
          "type": "aws_ecs_capacity_provider",
          "name": "ecs_capacity_provider",
          "provider_name": "registry.terraform.io/hashicorp/aws",
          "schema_version": 0,
          "values": {
            "auto_scaling_group_provider": [
              {
                "managed_scaling": [
                  {
                    "maximum_scaling_step_size": 1000,
                    "minimum_scaling_step_size": 1,
                    "status": "ENABLED",
                    "target_capacity": 3
                  }
                ]
              }
            ],
            "name": "test1",
            "tags": null
          },
          "sensitive_values": {
            "auto_scaling_group_provider": [
              {
                "managed_scaling": [
                  {}
                ]
              }
            ],
            "tags_all": {}
          }
        },
        {
          "address": "aws_ecs_cluster.ecs_cluster",
          "mode": "managed",
          "type": "aws_ecs_cluster",
          "name": "ecs_cluster",
          "provider_name": "registry.terraform.io/hashicorp/aws",
          "schema_version": 0,
          "values": {
            "configuration": [],
            "name": "my-test-ecs-cluster",
            "service_connect_defaults": [],
            "tags": null
          },
          "sensitive_values": {
            "capacity_providers": [],
            "configuration": [],
            "default_capacity_provider_strategy": [],
            "service_connect_defaults": [],
            "setting": [],
            "tags_all": {}
          }
        },
        {
          "address": "aws_ecs_cluster_capacity_providers.example",
          "mode": "managed",
          "type": "aws_ecs_cluster_capacity_providers",
          "name": "example",
          "provider_name": "registry.terraform.io/hashicorp/aws",
          "schema_version": 0,
          "values": {
            "capacity_providers": [
              "test1"
            ],
            "cluster_name": "my-test-ecs-cluster",
            "default_capacity_provider_strategy": [
              {
                "base": 1,
                "capacity_provider": "test1",
                "weight": 100
              }
            ]
          },
          "sensitive_values": {
            "capacity_providers": [
              false
            ],
            "default_capacity_provider_strategy": [
              {}
            ]
          }
        },
        {
          "address": "aws_ecs_service.ecs_service",
          "mode": "managed",
          "type": "aws_ecs_service",
          "name": "ecs_service",
          "provider_name": "registry.terraform.io/hashicorp/aws",
          "schema_version": 0,
          "values": {
            "alarms": [],
            "capacity_provider_strategy": [
              {
                "base": null,
                "capacity_provider": "test1",
                "weight": 100
              }
            ],
            "deployment_circuit_breaker": [],
            "deployment_controller": [],
            "deployment_maximum_percent": 200,
            "deployment_minimum_healthy_percent": 100,
            "desired_count": 2,
            "enable_ecs_managed_tags": false,
            "enable_execute_command": false,
            "force_new_deployment": true,
            "health_check_grace_period_seconds": null,
            "load_balancer": [
              {
                "container_name": "dockergs",
                "container_port": 80,
                "elb_name": ""
              }
            ],
            "name": "my-ecs-service",
            "network_configuration": [
              {
                "assign_public_ip": false
              }
            ],
            "ordered_placement_strategy": [],
            "placement_constraints": [
              {
                "expression": "",
                "type": "distinctInstance"
              }
            ],
            "propagate_tags": null,
            "scheduling_strategy": "REPLICA",
            "service_connect_configuration": [],
            "service_registries": [],
            "tags": null,
            "timeouts": null,
            "wait_for_steady_state": false
          },
          "sensitive_values": {
            "alarms": [],
            "capacity_provider_strategy": [
              {}
            ],
            "deployment_circuit_breaker": [],
            "deployment_controller": [],
            "load_balancer": [
              {}
            ],
            "network_configuration": [
              {
                "security_groups": [],
                "subnets": []
              }
            ],
            "ordered_placement_strategy": [],
            "placement_constraints": [
              {}
            ],
            "service_connect_configuration": [],
            "service_registries": [],
            "tags_all": {},
            "triggers": {}
          }
        },
        {
          "address": "aws_ecs_task_definition.ecs_task_definition",
          "mode": "managed",
          "type": "aws_ecs_task_definition",
          "name": "ecs_task_definition",
          "provider_name": "registry.terraform.io/hashicorp/aws",
          "schema_version": 1,
          "values": {
            "container_definitions": "[{\"cpu\":256,\"essential\":true,\"image\":\"public.ecr.aws/f9n5f1l7/dgs:latest\",\"memory\":512,\"name\":\"dockergs\",\"portMappings\":[{\"containerPort\":80,\"hostPort\":80,\"protocol\":\"tcp\"}]}]",
            "cpu": "256",
            "ephemeral_storage": [],
            "execution_role_arn": "arn:aws:iam::844333597536:role/ecsTaskExecutionRole",
            "family": "my-ecs-task",
            "inference_accelerator": [],
            "ipc_mode": null,
            "memory": null,
            "network_mode": "awsvpc",
            "pid_mode": null,
            "placement_constraints": [],
            "proxy_configuration": [],
            "requires_compatibilities": null,
            "runtime_platform": [
              {
                "cpu_architecture": "X86_64",
                "operating_system_family": "LINUX"
              }
            ],
            "skip_destroy": false,
            "tags": null,
            "task_role_arn": null,
            "volume": []
          },
          "sensitive_values": {
            "ephemeral_storage": [],
            "inference_accelerator": [],
            "placement_constraints": [],
            "proxy_configuration": [],
            "runtime_platform": [
              {}
            ],
            "tags_all": {},
            "volume": []
          }
        },
        {
          "address": "aws_internet_gateway.internet_gateway",
          "mode": "managed",
          "type": "aws_internet_gateway",
          "name": "internet_gateway",
          "provider_name": "registry.terraform.io/hashicorp/aws",
          "schema_version": 0,
          "values": {
            "tags": {
              "Name": "internet_gateway"
            },
            "tags_all": {
              "Name": "internet_gateway"
            },
            "timeouts": null
          },
          "sensitive_values": {
            "tags": {},
            "tags_all": {}
          }
        },
        {
          "address": "aws_launch_template.ecs_lt",
          "mode": "managed",
          "type": "aws_launch_template",
          "name": "ecs_lt",
          "provider_name": "registry.terraform.io/hashicorp/aws",
          "schema_version": 0,
          "values": {
            "block_device_mappings": [
              {
                "device_name": "/dev/xvda",
                "ebs": [
                  {
                    "delete_on_termination": null,
                    "encrypted": null,
                    "kms_key_id": null,
                    "snapshot_id": null,
                    "volume_size": 30,
                    "volume_type": "gp2"
                  }
                ],
                "no_device": null,
                "virtual_name": null
              }
            ],
            "capacity_reservation_specification": [],
            "cpu_options": [],
            "credit_specification": [],
            "description": null,
            "disable_api_stop": null,
            "disable_api_termination": null,
            "ebs_optimized": null,
            "elastic_gpu_specifications": [],
            "elastic_inference_accelerator": [],
            "enclave_options": [],
            "hibernation_options": [],
            "iam_instance_profile": [
              {
                "arn": null,
                "name": "ecsInstanceRole"
              }
            ],
            "image_id": "ami-062c116e449466e7f",
            "instance_initiated_shutdown_behavior": null,
            "instance_market_options": [],
            "instance_requirements": [],
            "instance_type": "t3.micro",
            "kernel_id": null,
            "key_name": "ec2ecsglog",
            "license_specification": [],
            "maintenance_options": [],
            "monitoring": [],
            "name_prefix": "ecs-template",
            "network_interfaces": [],
            "placement": [],
            "private_dns_name_options": [],
            "ram_disk_id": null,
            "security_group_names": null,
            "tag_specifications": [
              {
                "resource_type": "instance",
                "tags": {
                  "Name": "ecs-instance"
                }
              }
            ],
            "tags": null,
            "update_default_version": null,
            "user_data": "IyEvYmluL2Jhc2gKZWNobyBFQ1NfQ0xVU1RFUj1teS1lY3MtY2x1c3RlciA+PiAvZXRjL2Vjcy9lY3MuY29uZmln"
          },
          "sensitive_values": {
            "block_device_mappings": [
              {
                "ebs": [
                  {}
                ]
              }
            ],
            "capacity_reservation_specification": [],
            "cpu_options": [],
            "credit_specification": [],
            "elastic_gpu_specifications": [],
            "elastic_inference_accelerator": [],
            "enclave_options": [],
            "hibernation_options": [],
            "iam_instance_profile": [
              {}
            ],
            "instance_market_options": [],
            "instance_requirements": [],
            "license_specification": [],
            "maintenance_options": [],
            "metadata_options": [],
            "monitoring": [],
            "network_interfaces": [],
            "placement": [],
            "private_dns_name_options": [],
            "tag_specifications": [
              {
                "tags": {}
              }
            ],
            "tags_all": {},
            "vpc_security_group_ids": []
          }
        },
        {
          "address": "aws_lb.ecs_alb",
          "mode": "managed",
          "type": "aws_lb",
          "name": "ecs_alb",
          "provider_name": "registry.terraform.io/hashicorp/aws",
          "schema_version": 0,
          "values": {
            "access_logs": [],
            "customer_owned_ipv4_pool": null,
            "desync_mitigation_mode": "defensive",
            "drop_invalid_header_fields": false,
            "enable_cross_zone_load_balancing": null,
            "enable_deletion_protection": false,
            "enable_http2": true,
            "enable_tls_version_and_cipher_suite_headers": false,
            "enable_waf_fail_open": false,
            "enable_xff_client_port": false,
            "idle_timeout": 60,
            "internal": false,
            "load_balancer_type": "application",
            "name": "ecs-alb",
            "name_prefix": null,
            "preserve_host_header": false,
            "tags": {
              "Name": "ecs-alb"
            },
            "tags_all": {
              "Name": "ecs-alb"
            },
            "timeouts": null,
            "xff_header_processing_mode": "append"
          },
          "sensitive_values": {
            "access_logs": [],
            "security_groups": [],
            "subnet_mapping": [],
            "subnets": [],
            "tags": {},
            "tags_all": {}
          }
        },
        {
          "address": "aws_lb_listener.ecs_alb_listener",
          "mode": "managed",
          "type": "aws_lb_listener",
          "name": "ecs_alb_listener",
          "provider_name": "registry.terraform.io/hashicorp/aws",
          "schema_version": 0,
          "values": {
            "alpn_policy": null,
            "certificate_arn": null,
            "default_action": [
              {
                "authenticate_cognito": [],
                "authenticate_oidc": [],
                "fixed_response": [],
                "forward": [],
                "redirect": [],
                "type": "forward"
              }
            ],
            "port": 80,
            "protocol": "HTTP",
            "tags": null,
            "timeouts": null
          },
          "sensitive_values": {
            "default_action": [
              {
                "authenticate_cognito": [],
                "authenticate_oidc": [],
                "fixed_response": [],
                "forward": [],
                "redirect": []
              }
            ],
            "tags_all": {}
          }
        },
        {
          "address": "aws_lb_target_group.ecs_tg",
          "mode": "managed",
          "type": "aws_lb_target_group",
          "name": "ecs_tg",
          "provider_name": "registry.terraform.io/hashicorp/aws",
          "schema_version": 0,
          "values": {
            "connection_termination": false,
            "deregistration_delay": "300",
            "health_check": [
              {
                "enabled": true,
                "healthy_threshold": 3,
                "interval": 30,
                "path": "/",
                "port": "traffic-port",
                "protocol": "HTTP",
                "unhealthy_threshold": 3
              }
            ],
            "lambda_multi_value_headers_enabled": false,
            "name": "ecs-target-group",
            "name_prefix": null,
            "port": 80,
            "protocol": "HTTP",
            "proxy_protocol_v2": false,
            "slow_start": 0,
            "tags": null,
            "target_type": "ip"
          },
          "sensitive_values": {
            "health_check": [
              {}
            ],
            "stickiness": [],
            "tags_all": {},
            "target_failover": []
          }
        },
        {
          "address": "aws_route_table.route_table",
          "mode": "managed",
          "type": "aws_route_table",
          "name": "route_table",
          "provider_name": "registry.terraform.io/hashicorp/aws",
          "schema_version": 0,
          "values": {
            "route": [
              {
                "carrier_gateway_id": "",
                "cidr_block": "0.0.0.0/0",
                "core_network_arn": "",
                "destination_prefix_list_id": "",
                "egress_only_gateway_id": "",
                "instance_id": "",
                "ipv6_cidr_block": "",
                "local_gateway_id": "",
                "nat_gateway_id": "",
                "network_interface_id": "",
                "transit_gateway_id": "",
                "vpc_endpoint_id": "",
                "vpc_peering_connection_id": ""
              }
            ],
            "tags": null,
            "timeouts": null
          },
          "sensitive_values": {
            "propagating_vgws": [],
            "route": [
              {}
            ],
            "tags_all": {}
          }
        },
        {
          "address": "aws_route_table_association.subnet2_route",
          "mode": "managed",
          "type": "aws_route_table_association",
          "name": "subnet2_route",
          "provider_name": "registry.terraform.io/hashicorp/aws",
          "schema_version": 0,
          "values": {
            "gateway_id": null,
            "timeouts": null
          },
          "sensitive_values": {}
        },
        {
          "address": "aws_route_table_association.subnet_route",
          "mode": "managed",
          "type": "aws_route_table_association",
          "name": "subnet_route",
          "provider_name": "registry.terraform.io/hashicorp/aws",
          "schema_version": 0,
          "values": {
            "gateway_id": null,
            "timeouts": null
          },
          "sensitive_values": {}
        },
        {
          "address": "aws_security_group.security_group",
          "mode": "managed",
          "type": "aws_security_group",
          "name": "security_group",
          "provider_name": "registry.terraform.io/hashicorp/aws",
          "schema_version": 1,
          "values": {
            "description": "Managed by Terraform",
            "egress": [
              {
                "cidr_blocks": [
                  "0.0.0.0/0"
                ],
                "description": "",
                "from_port": 0,
                "ipv6_cidr_blocks": [],
                "prefix_list_ids": [],
                "protocol": "-1",
                "security_groups": [],
                "self": false,
                "to_port": 0
              }
            ],
            "ingress": [
              {
                "cidr_blocks": [
                  "0.0.0.0/0"
                ],
                "description": "any",
                "from_port": 0,
                "ipv6_cidr_blocks": [],
                "prefix_list_ids": [],
                "protocol": "-1",
                "security_groups": [],
                "self": false,
                "to_port": 0
              }
            ],
            "name": "ecs-security-group",
            "revoke_rules_on_delete": false,
            "tags": null,
            "timeouts": null
          },
          "sensitive_values": {
            "egress": [
              {
                "cidr_blocks": [
                  false
                ],
                "ipv6_cidr_blocks": [],
                "prefix_list_ids": [],
                "security_groups": []
              }
            ],
            "ingress": [
              {
                "cidr_blocks": [
                  false
                ],
                "ipv6_cidr_blocks": [],
                "prefix_list_ids": [],
                "security_groups": []
              }
            ],
            "tags_all": {}
          }
        },
        {
          "address": "aws_subnet.subnet",
          "mode": "managed",
          "type": "aws_subnet",
          "name": "subnet",
          "provider_name": "registry.terraform.io/hashicorp/aws",
          "schema_version": 1,
          "values": {
            "assign_ipv6_address_on_creation": false,
            "availability_zone": "eu-central-1a",
            "cidr_block": "10.0.1.0/24",
            "customer_owned_ipv4_pool": null,
            "enable_dns64": false,
            "enable_lni_at_device_index": null,
            "enable_resource_name_dns_a_record_on_launch": false,
            "enable_resource_name_dns_aaaa_record_on_launch": false,
            "ipv6_cidr_block": null,
            "ipv6_native": false,
            "map_customer_owned_ip_on_launch": null,
            "map_public_ip_on_launch": true,
            "outpost_arn": null,
            "tags": null,
            "timeouts": null
          },
          "sensitive_values": {
            "tags_all": {}
          }
        },
        {
          "address": "aws_subnet.subnet2",
          "mode": "managed",
          "type": "aws_subnet",
          "name": "subnet2",
          "provider_name": "registry.terraform.io/hashicorp/aws",
          "schema_version": 1,
          "values": {
            "assign_ipv6_address_on_creation": false,
            "availability_zone": "eu-central-1b",
            "cidr_block": "10.0.2.0/24",
            "customer_owned_ipv4_pool": null,
            "enable_dns64": false,
            "enable_lni_at_device_index": null,
            "enable_resource_name_dns_a_record_on_launch": false,
            "enable_resource_name_dns_aaaa_record_on_launch": false,
            "ipv6_cidr_block": null,
            "ipv6_native": false,
            "map_customer_owned_ip_on_launch": null,
            "map_public_ip_on_launch": true,
            "outpost_arn": null,
            "tags": null,
            "timeouts": null
          },
          "sensitive_values": {
            "tags_all": {}
          }
        },
        {
          "address": "aws_vpc.main",
          "mode": "managed",
          "type": "aws_vpc",
          "name": "main",
          "provider_name": "registry.terraform.io/hashicorp/aws",
          "schema_version": 1,
          "values": {
            "assign_generated_ipv6_cidr_block": null,
            "cidr_block": "10.0.0.0/16",
            "enable_dns_hostnames": true,
            "enable_dns_support": true,
            "instance_tenancy": "default",
            "ipv4_ipam_pool_id": null,
            "ipv4_netmask_length": null,
            "ipv6_ipam_pool_id": null,
            "ipv6_netmask_length": null,
            "tags": {
              "name": "main"
            },
            "tags_all": {
              "name": "main"
            }
          },
          "sensitive_values": {
            "tags": {},
            "tags_all": {}
          }
        }
      ]
    }
  },
  "resource_changes": [
    {
      "address": "aws_autoscaling_group.ecs_asg",
      "mode": "managed",
      "type": "aws_autoscaling_group",
      "name": "ecs_asg",
      "provider_name": "registry.terraform.io/hashicorp/aws",
      "change": {
        "actions": [
          "create"
        ],
        "before": null,
        "after": {
          "capacity_rebalance": null,
          "context": null,
          "default_instance_warmup": null,
          "desired_capacity": 2,
          "desired_capacity_type": null,
          "enabled_metrics": null,
          "force_delete": false,
          "force_delete_warm_pool": false,
          "health_check_grace_period": 300,
          "initial_lifecycle_hook": [],
          "instance_refresh": [],
          "launch_configuration": null,
          "launch_template": [
            {
              "version": "$Latest"
            }
          ],
          "load_balancers": null,
          "max_instance_lifetime": null,
          "max_size": 3,
          "metrics_granularity": "1Minute",
          "min_elb_capacity": null,
          "min_size": 1,
          "mixed_instances_policy": [],
          "placement_group": null,
          "protect_from_scale_in": false,
          "suspended_processes": null,
          "tag": [
            {
              "key": "AmazonECSManaged",
              "propagate_at_launch": true,
              "value": "true"
            }
          ],
          "tags": null,
          "target_group_arns": null,
          "termination_policies": null,
          "timeouts": null,
          "wait_for_capacity_timeout": "10m",
          "wait_for_elb_capacity": null,
          "warm_pool": []
        },
        "after_unknown": {
          "arn": true,
          "availability_zones": true,
          "default_cooldown": true,
          "health_check_type": true,
          "id": true,
          "initial_lifecycle_hook": [],
          "instance_refresh": [],
          "launch_template": [
            {
              "id": true,
              "name": true
            }
          ],
          "mixed_instances_policy": [],
          "name": true,
          "name_prefix": true,
          "predicted_capacity": true,
          "service_linked_role_arn": true,
          "tag": [
            {}
          ],
          "vpc_zone_identifier": true,
          "warm_pool": [],
          "warm_pool_size": true
        },
        "before_sensitive": false,
        "after_sensitive": {
          "availability_zones": [],
          "initial_lifecycle_hook": [],
          "instance_refresh": [],
          "launch_template": [
            {}
          ],
          "mixed_instances_policy": [],
          "tag": [
            {}
          ],
          "vpc_zone_identifier": [],
          "warm_pool": []
        }
      }
    },
    {
      "address": "aws_ecs_capacity_provider.ecs_capacity_provider",
      "mode": "managed",
      "type": "aws_ecs_capacity_provider",
      "name": "ecs_capacity_provider",
      "provider_name": "registry.terraform.io/hashicorp/aws",
      "change": {
        "actions": [
          "create"
        ],
        "before": null,
        "after": {
          "auto_scaling_group_provider": [
            {
              "managed_scaling": [
                {
                  "maximum_scaling_step_size": 1000,
                  "minimum_scaling_step_size": 1,
                  "status": "ENABLED",
                  "target_capacity": 3
                }
              ]
            }
          ],
          "name": "test1",
          "tags": null
        },
        "after_unknown": {
          "arn": true,
          "auto_scaling_group_provider": [
            {
              "auto_scaling_group_arn": true,
              "managed_scaling": [
                {
                  "instance_warmup_period": true
                }
              ],
              "managed_termination_protection": true
            }
          ],
          "id": true,
          "tags_all": true
        },
        "before_sensitive": false,
        "after_sensitive": {
          "auto_scaling_group_provider": [
            {
              "managed_scaling": [
                {}
              ]
            }
          ],
          "tags_all": {}
        }
      }
    },
    {
      "address": "aws_ecs_cluster.ecs_cluster",
      "mode": "managed",
      "type": "aws_ecs_cluster",
      "name": "ecs_cluster",
      "provider_name": "registry.terraform.io/hashicorp/aws",
      "change": {
        "actions": [
          "create"
        ],
        "before": null,
        "after": {
          "configuration": [],
          "name": "my-test-ecs-cluster",
          "service_connect_defaults": [],
          "tags": null
        },
        "after_unknown": {
          "arn": true,
          "capacity_providers": true,
          "configuration": [],
          "default_capacity_provider_strategy": true,
          "id": true,
          "service_connect_defaults": [],
          "setting": true,
          "tags_all": true
        },
        "before_sensitive": false,
        "after_sensitive": {
          "capacity_providers": [],
          "configuration": [],
          "default_capacity_provider_strategy": [],
          "service_connect_defaults": [],
          "setting": [],
          "tags_all": {}
        }
      }
    },
    {
      "address": "aws_ecs_cluster_capacity_providers.example",
      "mode": "managed",
      "type": "aws_ecs_cluster_capacity_providers",
      "name": "example",
      "provider_name": "registry.terraform.io/hashicorp/aws",
      "change": {
        "actions": [
          "create"
        ],
        "before": null,
        "after": {
          "capacity_providers": [
            "test1"
          ],
          "cluster_name": "my-test-ecs-cluster",
          "default_capacity_provider_strategy": [
            {
              "base": 1,
              "capacity_provider": "test1",
              "weight": 100
            }
          ]
        },
        "after_unknown": {
          "capacity_providers": [
            false
          ],
          "default_capacity_provider_strategy": [
            {}
          ],
          "id": true
        },
        "before_sensitive": false,
        "after_sensitive": {
          "capacity_providers": [
            false
          ],
          "default_capacity_provider_strategy": [
            {}
          ]
        }
      }
    },
    {
      "address": "aws_ecs_service.ecs_service",
      "mode": "managed",
      "type": "aws_ecs_service",
      "name": "ecs_service",
      "provider_name": "registry.terraform.io/hashicorp/aws",
      "change": {
        "actions": [
          "create"
        ],
        "before": null,
        "after": {
          "alarms": [],
          "capacity_provider_strategy": [
            {
              "base": null,
              "capacity_provider": "test1",
              "weight": 100
            }
          ],
          "deployment_circuit_breaker": [],
          "deployment_controller": [],
          "deployment_maximum_percent": 200,
          "deployment_minimum_healthy_percent": 100,
          "desired_count": 2,
          "enable_ecs_managed_tags": false,
          "enable_execute_command": false,
          "force_new_deployment": true,
          "health_check_grace_period_seconds": null,
          "load_balancer": [
            {
              "container_name": "dockergs",
              "container_port": 80,
              "elb_name": ""
            }
          ],
          "name": "my-ecs-service",
          "network_configuration": [
            {
              "assign_public_ip": false
            }
          ],
          "ordered_placement_strategy": [],
          "placement_constraints": [
            {
              "expression": "",
              "type": "distinctInstance"
            }
          ],
          "propagate_tags": null,
          "scheduling_strategy": "REPLICA",
          "service_connect_configuration": [],
          "service_registries": [],
          "tags": null,
          "timeouts": null,
          "wait_for_steady_state": false
        },
        "after_unknown": {
          "alarms": [],
          "capacity_provider_strategy": [
            {}
          ],
          "cluster": true,
          "deployment_circuit_breaker": [],
          "deployment_controller": [],
          "iam_role": true,
          "id": true,
          "launch_type": true,
          "load_balancer": [
            {
              "target_group_arn": true
            }
          ],
          "network_configuration": [
            {
              "security_groups": true,
              "subnets": true
            }
          ],
          "ordered_placement_strategy": [],
          "placement_constraints": [
            {}
          ],
          "platform_version": true,
          "service_connect_configuration": [],
          "service_registries": [],
          "tags_all": true,
          "task_definition": true,
          "triggers": true
        },
        "before_sensitive": false,
        "after_sensitive": {
          "alarms": [],
          "capacity_provider_strategy": [
            {}
          ],
          "deployment_circuit_breaker": [],
          "deployment_controller": [],
          "load_balancer": [
            {}
          ],
          "network_configuration": [
            {
              "security_groups": [],
              "subnets": []
            }
          ],
          "ordered_placement_strategy": [],
          "placement_constraints": [
            {}
          ],
          "service_connect_configuration": [],
          "service_registries": [],
          "tags_all": {},
          "triggers": {}
        }
      }
    },
    {
      "address": "aws_ecs_task_definition.ecs_task_definition",
      "mode": "managed",
      "type": "aws_ecs_task_definition",
      "name": "ecs_task_definition",
      "provider_name": "registry.terraform.io/hashicorp/aws",
      "change": {
        "actions": [
          "create"
        ],
        "before": null,
        "after": {
          "container_definitions": "[{\"cpu\":256,\"essential\":true,\"image\":\"public.ecr.aws/f9n5f1l7/dgs:latest\",\"memory\":512,\"name\":\"dockergs\",\"portMappings\":[{\"containerPort\":80,\"hostPort\":80,\"protocol\":\"tcp\"}]}]",
          "cpu": "256",
          "ephemeral_storage": [],
          "execution_role_arn": "arn:aws:iam::844333597536:role/ecsTaskExecutionRole",
          "family": "my-ecs-task",
          "inference_accelerator": [],
          "ipc_mode": null,
          "memory": null,
          "network_mode": "awsvpc",
          "pid_mode": null,
          "placement_constraints": [],
          "proxy_configuration": [],
          "requires_compatibilities": null,
          "runtime_platform": [
            {
              "cpu_architecture": "X86_64",
              "operating_system_family": "LINUX"
            }
          ],
          "skip_destroy": false,
          "tags": null,
          "task_role_arn": null,
          "volume": []
        },
        "after_unknown": {
          "arn": true,
          "arn_without_revision": true,
          "ephemeral_storage": [],
          "id": true,
          "inference_accelerator": [],
          "placement_constraints": [],
          "proxy_configuration": [],
          "revision": true,
          "runtime_platform": [
            {}
          ],
          "tags_all": true,
          "volume": []
        },
        "before_sensitive": false,
        "after_sensitive": {
          "ephemeral_storage": [],
          "inference_accelerator": [],
          "placement_constraints": [],
          "proxy_configuration": [],
          "runtime_platform": [
            {}
          ],
          "tags_all": {},
          "volume": []
        }
      }
    },
    {
      "address": "aws_internet_gateway.internet_gateway",
      "mode": "managed",
      "type": "aws_internet_gateway",
      "name": "internet_gateway",
      "provider_name": "registry.terraform.io/hashicorp/aws",
      "change": {
        "actions": [
          "create"
        ],
        "before": null,
        "after": {
          "tags": {
            "Name": "internet_gateway"
          },
          "tags_all": {
            "Name": "internet_gateway"
          },
          "timeouts": null
        },
        "after_unknown": {
          "arn": true,
          "id": true,
          "owner_id": true,
          "tags": {},
          "tags_all": {},
          "vpc_id": true
        },
        "before_sensitive": false,
        "after_sensitive": {
          "tags": {},
          "tags_all": {}
        }
      }
    },
    {
      "address": "aws_launch_template.ecs_lt",
      "mode": "managed",
      "type": "aws_launch_template",
      "name": "ecs_lt",
      "provider_name": "registry.terraform.io/hashicorp/aws",
      "change": {
        "actions": [
          "create"
        ],
        "before": null,
        "after": {
          "block_device_mappings": [
            {
              "device_name": "/dev/xvda",
              "ebs": [
                {
                  "delete_on_termination": null,
                  "encrypted": null,
                  "kms_key_id": null,
                  "snapshot_id": null,
                  "volume_size": 30,
                  "volume_type": "gp2"
                }
              ],
              "no_device": null,
              "virtual_name": null
            }
          ],
          "capacity_reservation_specification": [],
          "cpu_options": [],
          "credit_specification": [],
          "description": null,
          "disable_api_stop": null,
          "disable_api_termination": null,
          "ebs_optimized": null,
          "elastic_gpu_specifications": [],
          "elastic_inference_accelerator": [],
          "enclave_options": [],
          "hibernation_options": [],
          "iam_instance_profile": [
            {
              "arn": null,
              "name": "ecsInstanceRole"
            }
          ],
          "image_id": "ami-062c116e449466e7f",
          "instance_initiated_shutdown_behavior": null,
          "instance_market_options": [],
          "instance_requirements": [],
          "instance_type": "t3.micro",
          "kernel_id": null,
          "key_name": "ec2ecsglog",
          "license_specification": [],
          "maintenance_options": [],
          "monitoring": [],
          "name_prefix": "ecs-template",
          "network_interfaces": [],
          "placement": [],
          "private_dns_name_options": [],
          "ram_disk_id": null,
          "security_group_names": null,
          "tag_specifications": [
            {
              "resource_type": "instance",
              "tags": {
                "Name": "ecs-instance"
              }
            }
          ],
          "tags": null,
          "update_default_version": null,
          "user_data": "IyEvYmluL2Jhc2gKZWNobyBFQ1NfQ0xVU1RFUj1teS1lY3MtY2x1c3RlciA+PiAvZXRjL2Vjcy9lY3MuY29uZmln"
        },
        "after_unknown": {
          "arn": true,
          "block_device_mappings": [
            {
              "ebs": [
                {
                  "iops": true,
                  "throughput": true
                }
              ]
            }
          ],
          "capacity_reservation_specification": [],
          "cpu_options": [],
          "credit_specification": [],
          "default_version": true,
          "elastic_gpu_specifications": [],
          "elastic_inference_accelerator": [],
          "enclave_options": [],
          "hibernation_options": [],
          "iam_instance_profile": [
            {}
          ],
          "id": true,
          "instance_market_options": [],
          "instance_requirements": [],
          "latest_version": true,
          "license_specification": [],
          "maintenance_options": [],
          "metadata_options": true,
          "monitoring": [],
          "name": true,
          "network_interfaces": [],
          "placement": [],
          "private_dns_name_options": [],
          "tag_specifications": [
            {
              "tags": {}
            }
          ],
          "tags_all": true,
          "vpc_security_group_ids": true
        },
        "before_sensitive": false,
        "after_sensitive": {
          "block_device_mappings": [
            {
              "ebs": [
                {}
              ]
            }
          ],
          "capacity_reservation_specification": [],
          "cpu_options": [],
          "credit_specification": [],
          "elastic_gpu_specifications": [],
          "elastic_inference_accelerator": [],
          "enclave_options": [],
          "hibernation_options": [],
          "iam_instance_profile": [
            {}
          ],
          "instance_market_options": [],
          "instance_requirements": [],
          "license_specification": [],
          "maintenance_options": [],
          "metadata_options": [],
          "monitoring": [],
          "network_interfaces": [],
          "placement": [],
          "private_dns_name_options": [],
          "tag_specifications": [
            {
              "tags": {}
            }
          ],
          "tags_all": {},
          "vpc_security_group_ids": []
        }
      }
    },
    {
      "address": "aws_lb.ecs_alb",
      "mode": "managed",
      "type": "aws_lb",
      "name": "ecs_alb",
      "provider_name": "registry.terraform.io/hashicorp/aws",
      "change": {
        "actions": [
          "create"
        ],
        "before": null,
        "after": {
          "access_logs": [],
          "customer_owned_ipv4_pool": null,
          "desync_mitigation_mode": "defensive",
          "drop_invalid_header_fields": false,
          "enable_cross_zone_load_balancing": null,
          "enable_deletion_protection": false,
          "enable_http2": true,
          "enable_tls_version_and_cipher_suite_headers": false,
          "enable_waf_fail_open": false,
          "enable_xff_client_port": false,
          "idle_timeout": 60,
          "internal": false,
          "load_balancer_type": "application",
          "name": "ecs-alb",
          "name_prefix": null,
          "preserve_host_header": false,
          "tags": {
            "Name": "ecs-alb"
          },
          "tags_all": {
            "Name": "ecs-alb"
          },
          "timeouts": null,
          "xff_header_processing_mode": "append"
        },
        "after_unknown": {
          "access_logs": [],
          "arn": true,
          "arn_suffix": true,
          "dns_name": true,
          "id": true,
          "ip_address_type": true,
          "security_groups": true,
          "subnet_mapping": true,
          "subnets": true,
          "tags": {},
          "tags_all": {},
          "vpc_id": true,
          "zone_id": true
        },
        "before_sensitive": false,
        "after_sensitive": {
          "access_logs": [],
          "security_groups": [],
          "subnet_mapping": [],
          "subnets": [],
          "tags": {},
          "tags_all": {}
        }
      }
    },
    {
      "address": "aws_lb_listener.ecs_alb_listener",
      "mode": "managed",
      "type": "aws_lb_listener",
      "name": "ecs_alb_listener",
      "provider_name": "registry.terraform.io/hashicorp/aws",
      "change": {
        "actions": [
          "create"
        ],
        "before": null,
        "after": {
          "alpn_policy": null,
          "certificate_arn": null,
          "default_action": [
            {
              "authenticate_cognito": [],
              "authenticate_oidc": [],
              "fixed_response": [],
              "forward": [],
              "redirect": [],
              "type": "forward"
            }
          ],
          "port": 80,
          "protocol": "HTTP",
          "tags": null,
          "timeouts": null
        },
        "after_unknown": {
          "arn": true,
          "default_action": [
            {
              "authenticate_cognito": [],
              "authenticate_oidc": [],
              "fixed_response": [],
              "forward": [],
              "order": true,
              "redirect": [],
              "target_group_arn": true
            }
          ],
          "id": true,
          "load_balancer_arn": true,
          "ssl_policy": true,
          "tags_all": true
        },
        "before_sensitive": false,
        "after_sensitive": {
          "default_action": [
            {
              "authenticate_cognito": [],
              "authenticate_oidc": [],
              "fixed_response": [],
              "forward": [],
              "redirect": []
            }
          ],
          "tags_all": {}
        }
      }
    },
    {
      "address": "aws_lb_target_group.ecs_tg",
      "mode": "managed",
      "type": "aws_lb_target_group",
      "name": "ecs_tg",
      "provider_name": "registry.terraform.io/hashicorp/aws",
      "change": {
        "actions": [
          "create"
        ],
        "before": null,
        "after": {
          "connection_termination": false,
          "deregistration_delay": "300",
          "health_check": [
            {
              "enabled": true,
              "healthy_threshold": 3,
              "interval": 30,
              "path": "/",
              "port": "traffic-port",
              "protocol": "HTTP",
              "unhealthy_threshold": 3
            }
          ],
          "lambda_multi_value_headers_enabled": false,
          "name": "ecs-target-group",
          "name_prefix": null,
          "port": 80,
          "protocol": "HTTP",
          "proxy_protocol_v2": false,
          "slow_start": 0,
          "tags": null,
          "target_type": "ip"
        },
        "after_unknown": {
          "arn": true,
          "arn_suffix": true,
          "health_check": [
            {
              "matcher": true,
              "timeout": true
            }
          ],
          "id": true,
          "ip_address_type": true,
          "load_balancing_algorithm_type": true,
          "load_balancing_cross_zone_enabled": true,
          "preserve_client_ip": true,
          "protocol_version": true,
          "stickiness": true,
          "tags_all": true,
          "target_failover": true,
          "vpc_id": true
        },
        "before_sensitive": false,
        "after_sensitive": {
          "health_check": [
            {}
          ],
          "stickiness": [],
          "tags_all": {},
          "target_failover": []
        }
      }
    },
    {
      "address": "aws_route_table.route_table",
      "mode": "managed",
      "type": "aws_route_table",
      "name": "route_table",
      "provider_name": "registry.terraform.io/hashicorp/aws",
      "change": {
        "actions": [
          "create"
        ],
        "before": null,
        "after": {
          "route": [
            {
              "carrier_gateway_id": "",
              "cidr_block": "0.0.0.0/0",
              "core_network_arn": "",
              "destination_prefix_list_id": "",
              "egress_only_gateway_id": "",
              "instance_id": "",
              "ipv6_cidr_block": "",
              "local_gateway_id": "",
              "nat_gateway_id": "",
              "network_interface_id": "",
              "transit_gateway_id": "",
              "vpc_endpoint_id": "",
              "vpc_peering_connection_id": ""
            }
          ],
          "tags": null,
          "timeouts": null
        },
        "after_unknown": {
          "arn": true,
          "id": true,
          "owner_id": true,
          "propagating_vgws": true,
          "route": [
            {
              "gateway_id": true
            }
          ],
          "tags_all": true,
          "vpc_id": true
        },
        "before_sensitive": false,
        "after_sensitive": {
          "propagating_vgws": [],
          "route": [
            {}
          ],
          "tags_all": {}
        }
      }
    },
    {
      "address": "aws_route_table_association.subnet2_route",
      "mode": "managed",
      "type": "aws_route_table_association",
      "name": "subnet2_route",
      "provider_name": "registry.terraform.io/hashicorp/aws",
      "change": {
        "actions": [
          "create"
        ],
        "before": null,
        "after": {
          "gateway_id": null,
          "timeouts": null
        },
        "after_unknown": {
          "id": true,
          "route_table_id": true,
          "subnet_id": true
        },
        "before_sensitive": false,
        "after_sensitive": {}
      }
    },
    {
      "address": "aws_route_table_association.subnet_route",
      "mode": "managed",
      "type": "aws_route_table_association",
      "name": "subnet_route",
      "provider_name": "registry.terraform.io/hashicorp/aws",
      "change": {
        "actions": [
          "create"
        ],
        "before": null,
        "after": {
          "gateway_id": null,
          "timeouts": null
        },
        "after_unknown": {
          "id": true,
          "route_table_id": true,
          "subnet_id": true
        },
        "before_sensitive": false,
        "after_sensitive": {}
      }
    },
    {
      "address": "aws_security_group.security_group",
      "mode": "managed",
      "type": "aws_security_group",
      "name": "security_group",
      "provider_name": "registry.terraform.io/hashicorp/aws",
      "change": {
        "actions": [
          "create"
        ],
        "before": null,
        "after": {
          "description": "Managed by Terraform",
          "egress": [
            {
              "cidr_blocks": [
                "0.0.0.0/0"
              ],
              "description": "",
              "from_port": 0,
              "ipv6_cidr_blocks": [],
              "prefix_list_ids": [],
              "protocol": "-1",
              "security_groups": [],
              "self": false,
              "to_port": 0
            }
          ],
          "ingress": [
            {
              "cidr_blocks": [
                "0.0.0.0/0"
              ],
              "description": "any",
              "from_port": 0,
              "ipv6_cidr_blocks": [],
              "prefix_list_ids": [],
              "protocol": "-1",
              "security_groups": [],
              "self": false,
              "to_port": 0
            }
          ],
          "name": "ecs-security-group",
          "revoke_rules_on_delete": false,
          "tags": null,
          "timeouts": null
        },
        "after_unknown": {
          "arn": true,
          "egress": [
            {
              "cidr_blocks": [
                false
              ],
              "ipv6_cidr_blocks": [],
              "prefix_list_ids": [],
              "security_groups": []
            }
          ],
          "id": true,
          "ingress": [
            {
              "cidr_blocks": [
                false
              ],
              "ipv6_cidr_blocks": [],
              "prefix_list_ids": [],
              "security_groups": []
            }
          ],
          "name_prefix": true,
          "owner_id": true,
          "tags_all": true,
          "vpc_id": true
        },
        "before_sensitive": false,
        "after_sensitive": {
          "egress": [
            {
              "cidr_blocks": [
                false
              ],
              "ipv6_cidr_blocks": [],
              "prefix_list_ids": [],
              "security_groups": []
            }
          ],
          "ingress": [
            {
              "cidr_blocks": [
                false
              ],
              "ipv6_cidr_blocks": [],
              "prefix_list_ids": [],
              "security_groups": []
            }
          ],
          "tags_all": {}
        }
      }
    },
    {
      "address": "aws_subnet.subnet",
      "mode": "managed",
      "type": "aws_subnet",
      "name": "subnet",
      "provider_name": "registry.terraform.io/hashicorp/aws",
      "change": {
        "actions": [
          "create"
        ],
        "before": null,
        "after": {
          "assign_ipv6_address_on_creation": false,
          "availability_zone": "eu-central-1a",
          "cidr_block": "10.0.1.0/24",
          "customer_owned_ipv4_pool": null,
          "enable_dns64": false,
          "enable_lni_at_device_index": null,
          "enable_resource_name_dns_a_record_on_launch": false,
          "enable_resource_name_dns_aaaa_record_on_launch": false,
          "ipv6_cidr_block": null,
          "ipv6_native": false,
          "map_customer_owned_ip_on_launch": null,
          "map_public_ip_on_launch": true,
          "outpost_arn": null,
          "tags": null,
          "timeouts": null
        },
        "after_unknown": {
          "arn": true,
          "availability_zone_id": true,
          "id": true,
          "ipv6_cidr_block_association_id": true,
          "owner_id": true,
          "private_dns_hostname_type_on_launch": true,
          "tags_all": true,
          "vpc_id": true
        },
        "before_sensitive": false,
        "after_sensitive": {
          "tags_all": {}
        }
      }
    },
    {
      "address": "aws_subnet.subnet2",
      "mode": "managed",
      "type": "aws_subnet",
      "name": "subnet2",
      "provider_name": "registry.terraform.io/hashicorp/aws",
      "change": {
        "actions": [
          "create"
        ],
        "before": null,
        "after": {
          "assign_ipv6_address_on_creation": false,
          "availability_zone": "eu-central-1b",
          "cidr_block": "10.0.2.0/24",
          "customer_owned_ipv4_pool": null,
          "enable_dns64": false,
          "enable_lni_at_device_index": null,
          "enable_resource_name_dns_a_record_on_launch": false,
          "enable_resource_name_dns_aaaa_record_on_launch": false,
          "ipv6_cidr_block": null,
          "ipv6_native": false,
          "map_customer_owned_ip_on_launch": null,
          "map_public_ip_on_launch": true,
          "outpost_arn": null,
          "tags": null,
          "timeouts": null
        },
        "after_unknown": {
          "arn": true,
          "availability_zone_id": true,
          "id": true,
          "ipv6_cidr_block_association_id": true,
          "owner_id": true,
          "private_dns_hostname_type_on_launch": true,
          "tags_all": true,
          "vpc_id": true
        },
        "before_sensitive": false,
        "after_sensitive": {
          "tags_all": {}
        }
      }
    },
    {
      "address": "aws_vpc.main",
      "mode": "managed",
      "type": "aws_vpc",
      "name": "main",
      "provider_name": "registry.terraform.io/hashicorp/aws",
      "change": {
        "actions": [
          "create"
        ],
        "before": null,
        "after": {
          "assign_generated_ipv6_cidr_block": null,
          "cidr_block": "10.0.0.0/16",
          "enable_dns_hostnames": true,
          "enable_dns_support": true,
          "instance_tenancy": "default",
          "ipv4_ipam_pool_id": null,
          "ipv4_netmask_length": null,
          "ipv6_ipam_pool_id": null,
          "ipv6_netmask_length": null,
          "tags": {
            "name": "main"
          },
          "tags_all": {
            "name": "main"
          }
        },
        "after_unknown": {
          "arn": true,
          "default_network_acl_id": true,
          "default_route_table_id": true,
          "default_security_group_id": true,
          "dhcp_options_id": true,
          "enable_classiclink": true,
          "enable_classiclink_dns_support": true,
          "enable_network_address_usage_metrics": true,
          "id": true,
          "ipv6_association_id": true,
          "ipv6_cidr_block": true,
          "ipv6_cidr_block_network_border_group": true,
          "main_route_table_id": true,
          "owner_id": true,
          "tags": {},
          "tags_all": {}
        },
        "before_sensitive": false,
        "after_sensitive": {
          "tags": {},
          "tags_all": {}
        }
      }
    }
  ],
  "configuration": {
    "provider_config": {
      "aws": {
        "name": "aws",
        "full_name": "registry.terraform.io/hashicorp/aws",
        "version_constraint": "~> 4.0",
        "expressions": {
          "region": {
            "references": [
              "var.aws_region"
            ]
          }
        }
      },
      "docker": {
        "name": "docker",
        "full_name": "registry.terraform.io/kreuzwerker/docker",
        "version_constraint": "~> 2.20.0"
      }
    },
    "root_module": {
      "resources": [
        {
          "address": "aws_autoscaling_group.ecs_asg",
          "mode": "managed",
          "type": "aws_autoscaling_group",
          "name": "ecs_asg",
          "provider_config_key": "aws",
          "expressions": {
            "desired_capacity": {
              "constant_value": 2
            },
            "launch_template": [
              {
                "id": {
                  "references": [
                    "aws_launch_template.ecs_lt.id",
                    "aws_launch_template.ecs_lt"
                  ]
                },
                "version": {
                  "constant_value": "$Latest"
                }
              }
            ],
            "max_size": {
              "constant_value": 3
            },
            "min_size": {
              "constant_value": 1
            },
            "tag": [
              {
                "key": {
                  "constant_value": "AmazonECSManaged"
                },
                "propagate_at_launch": {
                  "constant_value": true
                },
                "value": {
                  "constant_value": true
                }
              }
            ],
            "vpc_zone_identifier": {
              "references": [
                "aws_subnet.subnet.id",
                "aws_subnet.subnet",
                "aws_subnet.subnet2.id",
                "aws_subnet.subnet2"
              ]
            }
          },
          "schema_version": 0
        },
        {
          "address": "aws_ecs_capacity_provider.ecs_capacity_provider",
          "mode": "managed",
          "type": "aws_ecs_capacity_provider",
          "name": "ecs_capacity_provider",
          "provider_config_key": "aws",
          "expressions": {
            "auto_scaling_group_provider": [
              {
                "auto_scaling_group_arn": {
                  "references": [
                    "aws_autoscaling_group.ecs_asg.arn",
                    "aws_autoscaling_group.ecs_asg"
                  ]
                },
                "managed_scaling": [
                  {
                    "maximum_scaling_step_size": {
                      "constant_value": 1000
                    },
                    "minimum_scaling_step_size": {
                      "constant_value": 1
                    },
                    "status": {
                      "constant_value": "ENABLED"
                    },
                    "target_capacity": {
                      "constant_value": 3
                    }
                  }
                ]
              }
            ],
            "name": {
              "constant_value": "test1"
            }
          },
          "schema_version": 0
        },
        {
          "address": "aws_ecs_cluster.ecs_cluster",
          "mode": "managed",
          "type": "aws_ecs_cluster",
          "name": "ecs_cluster",
          "provider_config_key": "aws",
          "expressions": {
            "name": {
              "constant_value": "my-test-ecs-cluster"
            }
          },
          "schema_version": 0
        },
        {
          "address": "aws_ecs_cluster_capacity_providers.example",
          "mode": "managed",
          "type": "aws_ecs_cluster_capacity_providers",
          "name": "example",
          "provider_config_key": "aws",
          "expressions": {
            "capacity_providers": {
              "references": [
                "aws_ecs_capacity_provider.ecs_capacity_provider.name",
                "aws_ecs_capacity_provider.ecs_capacity_provider"
              ]
            },
            "cluster_name": {
              "references": [
                "aws_ecs_cluster.ecs_cluster.name",
                "aws_ecs_cluster.ecs_cluster"
              ]
            },
            "default_capacity_provider_strategy": [
              {
                "base": {
                  "constant_value": 1
                },
                "capacity_provider": {
                  "references": [
                    "aws_ecs_capacity_provider.ecs_capacity_provider.name",
                    "aws_ecs_capacity_provider.ecs_capacity_provider"
                  ]
                },
                "weight": {
                  "constant_value": 100
                }
              }
            ]
          },
          "schema_version": 0
        },
        {
          "address": "aws_ecs_service.ecs_service",
          "mode": "managed",
          "type": "aws_ecs_service",
          "name": "ecs_service",
          "provider_config_key": "aws",
          "expressions": {
            "capacity_provider_strategy": [
              {
                "capacity_provider": {
                  "references": [
                    "aws_ecs_capacity_provider.ecs_capacity_provider.name",
                    "aws_ecs_capacity_provider.ecs_capacity_provider"
                  ]
                },
                "weight": {
                  "constant_value": 100
                }
              }
            ],
            "cluster": {
              "references": [
                "aws_ecs_cluster.ecs_cluster.id",
                "aws_ecs_cluster.ecs_cluster"
              ]
            },
            "desired_count": {
              "constant_value": 2
            },
            "force_new_deployment": {
              "constant_value": true
            },
            "load_balancer": [
              {
                "container_name": {
                  "constant_value": "dockergs"
                },
                "container_port": {
                  "constant_value": 80
                },
                "target_group_arn": {
                  "references": [
                    "aws_lb_target_group.ecs_tg.arn",
                    "aws_lb_target_group.ecs_tg"
                  ]
                }
              }
            ],
            "name": {
              "constant_value": "my-ecs-service"
            },
            "network_configuration": [
              {
                "security_groups": {
                  "references": [
                    "aws_security_group.security_group.id",
                    "aws_security_group.security_group"
                  ]
                },
                "subnets": {
                  "references": [
                    "aws_subnet.subnet.id",
                    "aws_subnet.subnet",
                    "aws_subnet.subnet2.id",
                    "aws_subnet.subnet2"
                  ]
                }
              }
            ],
            "placement_constraints": [
              {
                "type": {
                  "constant_value": "distinctInstance"
                }
              }
            ],
            "task_definition": {
              "references": [
                "aws_ecs_task_definition.ecs_task_definition.arn",
                "aws_ecs_task_definition.ecs_task_definition"
              ]
            },
            "triggers": {}
          },
          "schema_version": 0,
          "depends_on": [
            "aws_autoscaling_group.ecs_asg"
          ]
        },
        {
          "address": "aws_ecs_task_definition.ecs_task_definition",
          "mode": "managed",
          "type": "aws_ecs_task_definition",
          "name": "ecs_task_definition",
          "provider_config_key": "aws",
          "expressions": {
            "container_definitions": {},
            "cpu": {
              "constant_value": 256
            },
            "execution_role_arn": {
              "constant_value": "arn:aws:iam::844333597536:role/ecsTaskExecutionRole"
            },
            "family": {
              "constant_value": "my-ecs-task"
            },
            "network_mode": {
              "constant_value": "awsvpc"
            },
            "runtime_platform": [
              {
                "cpu_architecture": {
                  "constant_value": "X86_64"
                },
                "operating_system_family": {
                  "constant_value": "LINUX"
                }
              }
            ]
          },
          "schema_version": 1
        },
        {
          "address": "aws_internet_gateway.internet_gateway",
          "mode": "managed",
          "type": "aws_internet_gateway",
          "name": "internet_gateway",
          "provider_config_key": "aws",
          "expressions": {
            "tags": {
              "constant_value": {
                "Name": "internet_gateway"
              }
            },
            "vpc_id": {
              "references": [
                "aws_vpc.main.id",
                "aws_vpc.main"
              ]
            }
          },
          "schema_version": 0
        },
        {
          "address": "aws_launch_template.ecs_lt",
          "mode": "managed",
          "type": "aws_launch_template",
          "name": "ecs_lt",
          "provider_config_key": "aws",
          "expressions": {
            "block_device_mappings": [
              {
                "device_name": {
                  "constant_value": "/dev/xvda"
                },
                "ebs": [
                  {
                    "volume_size": {
                      "constant_value": 30
                    },
                    "volume_type": {
                      "constant_value": "gp2"
                    }
                  }
                ]
              }
            ],
            "iam_instance_profile": [
              {
                "name": {
                  "constant_value": "ecsInstanceRole"
                }
              }
            ],
            "image_id": {
              "constant_value": "ami-062c116e449466e7f"
            },
            "instance_type": {
              "constant_value": "t3.micro"
            },
            "key_name": {
              "constant_value": "ec2ecsglog"
            },
            "name_prefix": {
              "constant_value": "ecs-template"
            },
            "tag_specifications": [
              {
                "resource_type": {
                  "constant_value": "instance"
                },
                "tags": {
                  "constant_value": {
                    "Name": "ecs-instance"
                  }
                }
              }
            ],
            "user_data": {
              "references": [
                "path.module"
              ]
            },
            "vpc_security_group_ids": {
              "references": [
                "aws_security_group.security_group.id",
                "aws_security_group.security_group"
              ]
            }
          },
          "schema_version": 0
        },
        {
          "address": "aws_lb.ecs_alb",
          "mode": "managed",
          "type": "aws_lb",
          "name": "ecs_alb",
          "provider_config_key": "aws",
          "expressions": {
            "internal": {
              "constant_value": false
            },
            "load_balancer_type": {
              "constant_value": "application"
            },
            "name": {
              "constant_value": "ecs-alb"
            },
            "security_groups": {
              "references": [
                "aws_security_group.security_group.id",
                "aws_security_group.security_group"
              ]
            },
            "subnets": {
              "references": [
                "aws_subnet.subnet.id",
                "aws_subnet.subnet",
                "aws_subnet.subnet2.id",
                "aws_subnet.subnet2"
              ]
            },
            "tags": {
              "constant_value": {
                "Name": "ecs-alb"
              }
            }
          },
          "schema_version": 0
        },
        {
          "address": "aws_lb_listener.ecs_alb_listener",
          "mode": "managed",
          "type": "aws_lb_listener",
          "name": "ecs_alb_listener",
          "provider_config_key": "aws",
          "expressions": {
            "default_action": [
              {
                "target_group_arn": {
                  "references": [
                    "aws_lb_target_group.ecs_tg.arn",
                    "aws_lb_target_group.ecs_tg"
                  ]
                },
                "type": {
                  "constant_value": "forward"
                }
              }
            ],
            "load_balancer_arn": {
              "references": [
                "aws_lb.ecs_alb.arn",
                "aws_lb.ecs_alb"
              ]
            },
            "port": {
              "constant_value": 80
            },
            "protocol": {
              "constant_value": "HTTP"
            }
          },
          "schema_version": 0
        },
        {
          "address": "aws_lb_target_group.ecs_tg",
          "mode": "managed",
          "type": "aws_lb_target_group",
          "name": "ecs_tg",
          "provider_config_key": "aws",
          "expressions": {
            "health_check": [
              {
                "path": {
                  "constant_value": "/"
                }
              }
            ],
            "name": {
              "constant_value": "ecs-target-group"
            },
            "port": {
              "constant_value": 80
            },
            "protocol": {
              "constant_value": "HTTP"
            },
            "target_type": {
              "constant_value": "ip"
            },
            "vpc_id": {
              "references": [
                "aws_vpc.main.id",
                "aws_vpc.main"
              ]
            }
          },
          "schema_version": 0
        },
        {
          "address": "aws_route_table.route_table",
          "mode": "managed",
          "type": "aws_route_table",
          "name": "route_table",
          "provider_config_key": "aws",
          "expressions": {
            "route": {
              "references": [
                "aws_internet_gateway.internet_gateway.id",
                "aws_internet_gateway.internet_gateway"
              ]
            },
            "vpc_id": {
              "references": [
                "aws_vpc.main.id",
                "aws_vpc.main"
              ]
            }
          },
          "schema_version": 0
        },
        {
          "address": "aws_route_table_association.subnet2_route",
          "mode": "managed",
          "type": "aws_route_table_association",
          "name": "subnet2_route",
          "provider_config_key": "aws",
          "expressions": {
            "route_table_id": {
              "references": [
                "aws_route_table.route_table.id",
                "aws_route_table.route_table"
              ]
            },
            "subnet_id": {
              "references": [
                "aws_subnet.subnet2.id",
                "aws_subnet.subnet2"
              ]
            }
          },
          "schema_version": 0
        },
        {
          "address": "aws_route_table_association.subnet_route",
          "mode": "managed",
          "type": "aws_route_table_association",
          "name": "subnet_route",
          "provider_config_key": "aws",
          "expressions": {
            "route_table_id": {
              "references": [
                "aws_route_table.route_table.id",
                "aws_route_table.route_table"
              ]
            },
            "subnet_id": {
              "references": [
                "aws_subnet.subnet.id",
                "aws_subnet.subnet"
              ]
            }
          },
          "schema_version": 0
        },
        {
          "address": "aws_security_group.security_group",
          "mode": "managed",
          "type": "aws_security_group",
          "name": "security_group",
          "provider_config_key": "aws",
          "expressions": {
            "egress": {
              "constant_value": [
                {
                  "cidr_blocks": [
                    "0.0.0.0/0"
                  ],
                  "description": null,
                  "from_port": 0,
                  "ipv6_cidr_blocks": null,
                  "prefix_list_ids": null,
                  "protocol": "-1",
                  "security_groups": null,
                  "self": null,
                  "to_port": 0
                }
              ]
            },
            "ingress": {
              "constant_value": [
                {
                  "cidr_blocks": [
                    "0.0.0.0/0"
                  ],
                  "description": "any",
                  "from_port": 0,
                  "ipv6_cidr_blocks": null,
                  "prefix_list_ids": null,
                  "protocol": "-1",
                  "security_groups": null,
                  "self": false,
                  "to_port": 0
                }
              ]
            },
            "name": {
              "constant_value": "ecs-security-group"
            },
            "vpc_id": {
              "references": [
                "aws_vpc.main.id",
                "aws_vpc.main"
              ]
            }
          },
          "schema_version": 1
        },
        {
          "address": "aws_subnet.subnet",
          "mode": "managed",
          "type": "aws_subnet",
          "name": "subnet",
          "provider_config_key": "aws",
          "expressions": {
            "availability_zone": {
              "constant_value": "eu-central-1a"
            },
            "cidr_block": {
              "references": [
                "aws_vpc.main.cidr_block",
                "aws_vpc.main"
              ]
            },
            "map_public_ip_on_launch": {
              "constant_value": true
            },
            "vpc_id": {
              "references": [
                "aws_vpc.main.id",
                "aws_vpc.main"
              ]
            }
          },
          "schema_version": 1
        },
        {
          "address": "aws_subnet.subnet2",
          "mode": "managed",
          "type": "aws_subnet",
          "name": "subnet2",
          "provider_config_key": "aws",
          "expressions": {
            "availability_zone": {
              "constant_value": "eu-central-1b"
            },
            "cidr_block": {
              "references": [
                "aws_vpc.main.cidr_block",
                "aws_vpc.main"
              ]
            },
            "map_public_ip_on_launch": {
              "constant_value": true
            },
            "vpc_id": {
              "references": [
                "aws_vpc.main.id",
                "aws_vpc.main"
              ]
            }
          },
          "schema_version": 1
        },
        {
          "address": "aws_vpc.main",
          "mode": "managed",
          "type": "aws_vpc",
          "name": "main",
          "provider_config_key": "aws",
          "expressions": {
            "cidr_block": {
              "references": [
                "var.vpc_cidr"
              ]
            },
            "enable_dns_hostnames": {
              "constant_value": true
            },
            "tags": {
              "constant_value": {
                "name": "main"
              }
            }
          },
          "schema_version": 1
        }
      ],
      "variables": {
        "availability_zones": {
          "default": "eu-central-1a"
        },
        "aws_region": {
          "default": "eu-central-1"
        },
        "vpc_cidr": {
          "default": "10.0.0.0/16",
          "description": "CIDR block for main"
        }
      }
    }
  },
  "relevant_attributes": [
    {
      "resource": "aws_vpc.main",
      "attribute": [
        "id"
      ]
    },
    {
      "resource": "aws_vpc.main",
      "attribute": [
        "cidr_block"
      ]
    },
    {
      "resource": "aws_subnet.subnet",
      "attribute": [
        "id"
      ]
    },
    {
      "resource": "aws_subnet.subnet2",
      "attribute": [
        "id"
      ]
    },
    {
      "resource": "aws_launch_template.ecs_lt",
      "attribute": [
        "id"
      ]
    },
    {
      "resource": "aws_autoscaling_group.ecs_asg",
      "attribute": [
        "arn"
      ]
    },
    {
      "resource": "aws_route_table.route_table",
      "attribute": [
        "id"
      ]
    },
    {
      "resource": "aws_lb.ecs_alb",
      "attribute": [
        "arn"
      ]
    },
    {
      "resource": "aws_internet_gateway.internet_gateway",
      "attribute": [
        "id"
      ]
    },
    {
      "resource": "aws_security_group.security_group",
      "attribute": [
        "id"
      ]
    },
    {
      "resource": "aws_lb_target_group.ecs_tg",
      "attribute": [
        "arn"
      ]
    },
    {
      "resource": "aws_ecs_capacity_provider.ecs_capacity_provider",
      "attribute": [
        "name"
      ]
    },
    {
      "resource": "aws_ecs_cluster.ecs_cluster",
      "attribute": [
        "name"
      ]
    },
    {
      "resource": "aws_ecs_task_definition.ecs_task_definition",
      "attribute": [
        "arn"
      ]
    },
    {
      "resource": "aws_ecs_cluster.ecs_cluster",
      "attribute": [
        "id"
      ]
    }
  ],
  "timestamp": "2024-04-11T09:01:44Z"
}
